// !$*UTF8*$!
{
	archiveVersion = 1;
	classes = {
	};
	objectVersion = 77;
	objects = {

/* Begin PBXBuildFile section */
		5FA393F02F27CBDB00DE1001 /* Event.swift in Sources */ = {isa = PBXBuildFile; fileRef = 5FA393F02F27CBDB00DE107C /* Event.swift */; };
		5FA393F12F27CBDB00DE1001 /* EventType.swift in Sources */ = {isa = PBXBuildFile; fileRef = 5FA393F12F27CBDB00DE107C /* EventType.swift */; };
		5FA393F22F27CBDB00DE1001 /* User.swift in Sources */ = {isa = PBXBuildFile; fileRef = 5FA393F22F27CBDB00DE107C /* User.swift */; };
		5FA393F42F27CBDB00DE1001 /* APIService.swift in Sources */ = {isa = PBXBuildFile; fileRef = 5FA393F42F27CBDB00DE107C /* APIService.swift */; };
		5FA393F62F27CBDB00DE1001 /* AuthManager.swift in Sources */ = {isa = PBXBuildFile; fileRef = 5FA393F62F27CBDB00DE107C /* AuthManager.swift */; };
		5FA393F72F27CBDB00DE1001 /* EventManager.swift in Sources */ = {isa = PBXBuildFile; fileRef = 5FA393F72F27CBDB00DE107C /* EventManager.swift */; };
		5FA393F92F27CBDB00DE1001 /* AddEventView.swift in Sources */ = {isa = PBXBuildFile; fileRef = 5FA393F92F27CBDB00DE107C /* AddEventView.swift */; };
		5FA393FA2F27CBDB00DE1001 /* EventDetailView.swift in Sources */ = {isa = PBXBuildFile; fileRef = 5FA393FA2F27CBDB00DE107C /* EventDetailView.swift */; };
		5FA393FB2F27CBDB00DE1001 /* EventRowView.swift in Sources */ = {isa = PBXBuildFile; fileRef = 5FA393FB2F27CBDB00DE107C /* EventRowView.swift */; };
		5FA393FC2F27CBDB00DE1001 /* FilterView.swift in Sources */ = {isa = PBXBuildFile; fileRef = 5FA393FC2F27CBDB00DE107C /* FilterView.swift */; };
		5FA393FD2F27CBDB00DE1001 /* LoginView.swift in Sources */ = {isa = PBXBuildFile; fileRef = 5FA393FD2F27CBDB00DE107C /* LoginView.swift */; };
		5FA393FE2F27CBDB00DE1001 /* MainView.swift in Sources */ = {isa = PBXBuildFile; fileRef = 5FA393FE2F27CBDB00DE107C /* MainView.swift */; };
		5FA394002F27CBDB00DE1001 /* Assets.xcassets in Resources */ = {isa = PBXBuildFile; fileRef = 5FA394002F27CBDB00DE107C /* Assets.xcassets */; };
		5FA394012F27CBDB00DE1001 /* ContentFilter.swift in Sources */ = {isa = PBXBuildFile; fileRef = 5FA394012F27CBDB00DE107C /* ContentFilter.swift */; };
		5FA394022F27CBDB00DE1001 /* ContentView.swift in Sources */ = {isa = PBXBuildFile; fileRef = 5FA394022F27CBDB00DE107C /* ContentView.swift */; };
		5FA394032F27CBDB00DE1001 /* Buzzy_BeesApp.swift in Sources */ = {isa = PBXBuildFile; fileRef = 5FA394032F27CBDB00DE107C /* Buzzy_BeesApp.swift */; };
		5FA394042F27CBDB00DE1001 /* Theme.swift in Sources */ = {isa = PBXBuildFile; fileRef = 5FA394042F27CBDB00DE107C /* Theme.swift */; };
/* End PBXBuildFile section */

/* Begin PBXFileReference section */
		5F0D99182F1E769D00F98A7D /* Buzzy-Bees.app */ = {isa = PBXFileReference; explicitFileType = wrapper.application; includeInIndex = 0; path = "Buzzy-Bees.app"; sourceTree = BUILT_PRODUCTS_DIR; };
		5FA393F02F27CBDB00DE107C /* Event.swift */ = {isa = PBXFileReference; lastKnownFileType = sourcecode.swift; path = Event.swift; sourceTree = "<group>"; };
		5FA393F12F27CBDB00DE107C /* EventType.swift */ = {isa = PBXFileReference; lastKnownFileType = sourcecode.swift; path = EventType.swift; sourceTree = "<group>"; };
		5FA393F22F27CBDB00DE107C /* User.swift */ = {isa = PBXFileReference; lastKnownFileType = sourcecode.swift; path = User.swift; sourceTree = "<group>"; };
		5FA393F42F27CBDB00DE107C /* APIService.swift */ = {isa = PBXFileReference; lastKnownFileType = sourcecode.swift; path = APIService.swift; sourceTree = "<group>"; };
		5FA393F62F27CBDB00DE107C /* AuthManager.swift */ = {isa = PBXFileReference; lastKnownFileType = sourcecode.swift; path = AuthManager.swift; sourceTree = "<group>"; };
		5FA393F72F27CBDB00DE107C /* EventManager.swift */ = {isa = PBXFileReference; lastKnownFileType = sourcecode.swift; path = EventManager.swift; sourceTree = "<group>"; };
		5FA393F92F27CBDB00DE107C /* AddEventView.swift */ = {isa = PBXFileReference; lastKnownFileType = sourcecode.swift; path = AddEventView.swift; sourceTree = "<group>"; };
		5FA393FA2F27CBDB00DE107C /* EventDetailView.swift */ = {isa = PBXFileReference; lastKnownFileType = sourcecode.swift; path = EventDetailView.swift; sourceTree = "<group>"; };
		5FA393FB2F27CBDB00DE107C /* EventRowView.swift */ = {isa = PBXFileReference; lastKnownFileType = sourcecode.swift; path = EventRowView.swift; sourceTree = "<group>"; };
		5FA393FC2F27CBDB00DE107C /* FilterView.swift */ = {isa = PBXFileReference; lastKnownFileType = sourcecode.swift; path = FilterView.swift; sourceTree = "<group>"; };
		5FA393FD2F27CBDB00DE107C /* LoginView.swift */ = {isa = PBXFileReference; lastKnownFileType = sourcecode.swift; path = LoginView.swift; sourceTree = "<group>"; };
		5FA393FE2F27CBDB00DE107C /* MainView.swift */ = {isa = PBXFileReference; lastKnownFileType = sourcecode.swift; path = MainView.swift; sourceTree = "<group>"; };
		5FA394002F27CBDB00DE107C /* Assets.xcassets */ = {isa = PBXFileReference; lastKnownFileType = folder.assetcatalog; path = Assets.xcassets; sourceTree = "<group>"; };
		5FA394012F27CBDB00DE107C /* ContentFilter.swift */ = {isa = PBXFileReference; lastKnownFileType = sourcecode.swift; path = ContentFilter.swift; sourceTree = "<group>"; };
		5FA394022F27CBDB00DE107C /* ContentView.swift */ = {isa = PBXFileReference; lastKnownFileType = sourcecode.swift; path = ContentView.swift; sourceTree = "<group>"; };
		5FA394032F27CBDB00DE107C /* Buzzy_BeesApp.swift */ = {isa = PBXFileReference; lastKnownFileType = sourcecode.swift; path = Buzzy_BeesApp.swift; sourceTree = "<group>"; };
		5FA394042F27CBDB00DE107C /* Theme.swift */ = {isa = PBXFileReference; lastKnownFileType = sourcecode.swift; path = Theme.swift; sourceTree = "<group>"; };
/* End PBXFileReference section */

/* Begin PBXFrameworksBuildPhase section */
		5F0D99152F1E769D00F98A7D /* Frameworks */ = {
			isa = PBXFrameworksBuildPhase;
			buildActionMask = 2147483647;
			files = (
			);
			runOnlyForDeploymentPostprocessing = 0;
		};
/* End PBXFrameworksBuildPhase section */

/* Begin PBXGroup section */
		5F0D990F2F1E769D00F98A7D = {
			isa = PBXGroup;
			children = (
				5F0D99192F1E769D00F98A7D /* Products */,
				5FA394052F27CBDB00DE107C /* Buzzy-Bees */,
			);
			sourceTree = "<group>";
		};
		5F0D99192F1E769D00F98A7D /* Products */ = {
			isa = PBXGroup;
			children = (
				5F0D99182F1E769D00F98A7D /* Buzzy-Bees.app */,
			);
			name = Products;
			sourceTree = "<group>";
		};
		5FA393F32F27CBDB00DE107C /* Models */ = {
			isa = PBXGroup;
			children = (
				5FA393F02F27CBDB00DE107C /* Event.swift */,
				5FA393F12F27CBDB00DE107C /* EventType.swift */,
				5FA393F22F27CBDB00DE107C /* User.swift */,
			);
			path = Models;
			sourceTree = "<group>";
		};
		5FA393F52F27CBDB00DE107C /* Services */ = {
			isa = PBXGroup;
			children = (
				5FA393F42F27CBDB00DE107C /* APIService.swift */,
			);
			path = Services;
			sourceTree = "<group>";
		};
		5FA393F82F27CBDB00DE107C /* ViewModels */ = {
			isa = PBXGroup;
			children = (
				5FA393F62F27CBDB00DE107C /* AuthManager.swift */,
				5FA393F72F27CBDB00DE107C /* EventManager.swift */,
			);
			path = ViewModels;
			sourceTree = "<group>";
		};
		5FA393FF2F27CBDB00DE107C /* Views */ = {
			isa = PBXGroup;
			children = (
				5FA393F92F27CBDB00DE107C /* AddEventView.swift */,
				5FA393FA2F27CBDB00DE107C /* EventDetailView.swift */,
				5FA393FB2F27CBDB00DE107C /* EventRowView.swift */,
				5FA393FC2F27CBDB00DE107C /* FilterView.swift */,
				5FA393FD2F27CBDB00DE107C /* LoginView.swift */,
				5FA393FE2F27CBDB00DE107C /* MainView.swift */,
			);
			path = Views;
			sourceTree = "<group>";
		};
		5FA394052F27CBDB00DE107C /* Buzzy-Bees */ = {
			isa = PBXGroup;
			children = (
				5FA393F32F27CBDB00DE107C /* Models */,
				5FA393F52F27CBDB00DE107C /* Services */,
				5FA393F82F27CBDB00DE107C /* ViewModels */,
				5FA393FF2F27CBDB00DE107C /* Views */,
				5FA394002F27CBDB00DE107C /* Assets.xcassets */,
				5FA394012F27CBDB00DE107C /* ContentFilter.swift */,
				5FA394022F27CBDB00DE107C /* ContentView.swift */,
				5FA394032F27CBDB00DE107C /* Buzzy_BeesApp.swift */,
				5FA394042F27CBDB00DE107C /* Theme.swift */,
			);
			path = "Buzzy-Bees";
			sourceTree = "<group>";
		};
/* End PBXGroup section */

/* Begin PBXNativeTarget section */
		5F0D99172F1E769D00F98A7D /* Buzzy-Bees */ = {
			isa = PBXNativeTarget;
			buildConfigurationList = 5F0D99232F1E769F00F98A7D /* Build configuration list for PBXNativeTarget "Buzzy-Bees" */;
			buildPhases = (
				5F0D99142F1E769D00F98A7D /* Sources */,
				5F0D99152F1E769D00F98A7D /* Frameworks */,
				5F0D99162F1E769D00F98A7D /* Resources */,
			);
			buildRules = (
			);
			dependencies = (
			);
			name = "Buzzy-Bees";
			packageProductDependencies = (
			);
			productName = "Buzzy-Bees";
			productReference = 5F0D99182F1E769D00F98A7D /* Buzzy-Bees.app */;
			productType = "com.apple.product-type.application";
		};
/* End PBXNativeTarget section */

/* Begin PBXProject section */
		5F0D99102F1E769D00F98A7D /* Project object */ = {
			isa = PBXProject;
			attributes = {
				BuildIndependentTargetsInParallel = 1;
				LastSwiftUpdateCheck = 2620;
				LastUpgradeCheck = 2620;
				TargetAttributes = {
					5F0D99172F1E769D00F98A7D = {
						CreatedOnToolsVersion = 26.2;
					};
				};
			};
			buildConfigurationList = 5F0D99132F1E769D00F98A7D /* Build configuration list for PBXProject "Buzzy-Bees" */;
			developmentRegion = en;
			hasScannedForEncodings = 0;
			knownRegions = (
				en,
				Base,
			);
			mainGroup = 5F0D990F2F1E769D00F98A7D;
			minimizedProjectReferenceProxies = 1;
			preferredProjectObjectVersion = 77;
			productRefGroup = 5F0D99192F1E769D00F98A7D /* Products */;
			projectDirPath = "";
			projectRoot = "";
			targets = (
				5F0D99172F1E769D00F98A7D /* Buzzy-Bees */,
			);
		};
/* End PBXProject section */

/* Begin PBXResourcesBuildPhase section */
		5F0D99162F1E769D00F98A7D /* Resources */ = {
			isa = PBXResourcesBuildPhase;
			buildActionMask = 2147483647;
			files = (
				5FA394002F27CBDB00DE1001 /* Assets.xcassets in Resources */,
			);
			runOnlyForDeploymentPostprocessing = 0;
		};
/* End PBXResourcesBuildPhase section */

/* Begin PBXSourcesBuildPhase section */
		5F0D99142F1E769D00F98A7D /* Sources */ = {
			isa = PBXSourcesBuildPhase;
			buildActionMask = 2147483647;
			files = (
				5FA393F02F27CBDB00DE1001 /* Event.swift in Sources */,
				5FA393F12F27CBDB00DE1001 /* EventType.swift in Sources */,
				5FA393F22F27CBDB00DE1001 /* User.swift in Sources */,
				5FA393F42F27CBDB00DE1001 /* APIService.swift in Sources */,
				5FA393F62F27CBDB00DE1001 /* AuthManager.swift in Sources */,
				5FA393F72F27CBDB00DE1001 /* EventManager.swift in Sources */,
				5FA393F92F27CBDB00DE1001 /* AddEventView.swift in Sources */,
				5FA393FA2F27CBDB00DE1001 /* EventDetailView.swift in Sources */,
				5FA393FB2F27CBDB00DE1001 /* EventRowView.swift in Sources */,
				5FA393FC2F27CBDB00DE1001 /* FilterView.swift in Sources */,
				5FA393FD2F27CBDB00DE1001 /* LoginView.swift in Sources */,
				5FA393FE2F27CBDB00DE1001 /* MainView.swift in Sources */,
				5FA394012F27CBDB00DE1001 /* ContentFilter.swift in Sources */,
				5FA394022F27CBDB00DE1001 /* ContentView.swift in Sources */,
				5FA394032F27CBDB00DE1001 /* Buzzy_BeesApp.swift in Sources */,
				5FA394042F27CBDB00DE1001 /* Theme.swift in Sources */,
			);
			runOnlyForDeploymentPostprocessing = 0;
		};
/* End PBXSourcesBuildPhase section */

/* Begin XCBuildConfiguration section */
		5F0D99212F1E769F00F98A7D /* Debug */ = {
			isa = XCBuildConfiguration;
			buildSettings = {
				ALWAYS_SEARCH_USER_PATHS = NO;
				ASSETCATALOG_COMPILER_GENERATE_SWIFT_ASSET_SYMBOL_EXTENSIONS = YES;
				CLANG_ANALYZER_NONNULL = YES;
				CLANG_ANALYZER_NUMBER_OBJECT_CONVERSION = YES_AGGRESSIVE;
				CLANG_CXX_LANGUAGE_STANDARD = "gnu++20";
				CLANG_ENABLE_MODULES = YES;
				CLANG_ENABLE_OBJC_ARC = YES;
				CLANG_ENABLE_OBJC_WEAK = YES;
				CLANG_WARN_BLOCK_CAPTURE_AUTORELEASING = YES;
				CLANG_WARN_BOOL_CONVERSION = YES;
				CLANG_WARN_COMMA = YES;
				CLANG_WARN_CONSTANT_CONVERSION = YES;
				CLANG_WARN_DEPRECATED_OBJC_IMPLEMENTATIONS = YES;
				CLANG_WARN_DIRECT_OBJC_ISA_USAGE = YES_ERROR;
				CLANG_WARN_DOCUMENTATION_COMMENTS = YES;
				CLANG_WARN_EMPTY_BODY = YES;
				CLANG_WARN_ENUM_CONVERSION = YES;
				CLANG_WARN_INFINITE_RECURSION = YES;
				CLANG_WARN_INT_CONVERSION = YES;
				CLANG_WARN_NON_LITERAL_NULL_CONVERSION = YES;
				CLANG_WARN_OBJC_IMPLICIT_RETAIN_SELF = YES;
				CLANG_WARN_OBJC_LITERAL_CONVERSION = YES;
				CLANG_WARN_OBJC_ROOT_CLASS = YES_ERROR;
				CLANG_WARN_QUOTED_INCLUDE_IN_FRAMEWORK_HEADER = YES;
				CLANG_WARN_RANGE_LOOP_ANALYSIS = YES;
				CLANG_WARN_STRICT_PROTOTYPES = YES;
				CLANG_WARN_SUSPICIOUS_MOVE = YES;
				CLANG_WARN_UNGUARDED_AVAILABILITY = YES_AGGRESSIVE;
				CLANG_WARN_UNREACHABLE_CODE = YES;
				CLANG_WARN__DUPLICATE_METHOD_MATCH = YES;
				COPY_PHASE_STRIP = NO;
				DEBUG_INFORMATION_FORMAT = dwarf;
				ENABLE_STRICT_OBJC_MSGSEND = YES;
				ENABLE_TESTABILITY = YES;
				ENABLE_USER_SCRIPT_SANDBOXING = YES;
				GCC_C_LANGUAGE_STANDARD = gnu17;
				GCC_DYNAMIC_NO_PIC = NO;
				GCC_NO_COMMON_BLOCKS = YES;
				GCC_OPTIMIZATION_LEVEL = 0;
				GCC_PREPROCESSOR_DEFINITIONS = (
					"DEBUG=1",
					"$(inherited)",
				);
				GCC_WARN_64_TO_32_BIT_CONVERSION = YES;
				GCC_WARN_ABOUT_RETURN_TYPE = YES_ERROR;
				GCC_WARN_UNDECLARED_SELECTOR = YES;
				GCC_WARN_UNINITIALIZED_AUTOS = YES_AGGRESSIVE;
				GCC_WARN_UNUSED_FUNCTION = YES;
				GCC_WARN_UNUSED_VARIABLE = YES;
				IPHONEOS_DEPLOYMENT_TARGET = 18.0;
				LOCALIZATION_PREFERS_STRING_CATALOGS = YES;
				MTL_ENABLE_DEBUG_INFO = INCLUDE_SOURCE;
				MTL_FAST_MATH = YES;
				ONLY_ACTIVE_ARCH = YES;
				SDKROOT = iphoneos;
				SWIFT_ACTIVE_COMPILATION_CONDITIONS = "DEBUG $(inherited)";
				SWIFT_OPTIMIZATION_LEVEL = "-Onone";
			};
			name = Debug;
		};
		5F0D99222F1E769F00F98A7D /* Release */ = {
			isa = XCBuildConfiguration;
			buildSettings = {
				ALWAYS_SEARCH_USER_PATHS = NO;
				ASSETCATALOG_COMPILER_GENERATE_SWIFT_ASSET_SYMBOL_EXTENSIONS = YES;
				CLANG_ANALYZER_NONNULL = YES;
				CLANG_ANALYZER_NUMBER_OBJECT_CONVERSION = YES_AGGRESSIVE;
				CLANG_CXX_LANGUAGE_STANDARD = "gnu++20";
				CLANG_ENABLE_MODULES = YES;
				CLANG_ENABLE_OBJC_ARC = YES;
				CLANG_ENABLE_OBJC_WEAK = YES;
				CLANG_WARN_BLOCK_CAPTURE_AUTORELEASING = YES;
				CLANG_WARN_BOOL_CONVERSION = YES;
				CLANG_WARN_COMMA = YES;
				CLANG_WARN_CONSTANT_CONVERSION = YES;
				CLANG_WARN_DEPRECATED_OBJC_IMPLEMENTATIONS = YES;
				CLANG_WARN_DIRECT_OBJC_ISA_USAGE = YES_ERROR;
				CLANG_WARN_DOCUMENTATION_COMMENTS = YES;
				CLANG_WARN_EMPTY_BODY = YES;
				CLANG_WARN_ENUM_CONVERSION = YES;
				CLANG_WARN_INFINITE_RECURSION = YES;
				CLANG_WARN_INT_CONVERSION = YES;
				CLANG_WARN_NON_LITERAL_NULL_CONVERSION = YES;
				CLANG_WARN_OBJC_IMPLICIT_RETAIN_SELF = YES;
				CLANG_WARN_OBJC_LITERAL_CONVERSION = YES;
				CLANG_WARN_OBJC_ROOT_CLASS = YES_ERROR;
				CLANG_WARN_QUOTED_INCLUDE_IN_FRAMEWORK_HEADER = YES;
				CLANG_WARN_RANGE_LOOP_ANALYSIS = YES;
				CLANG_WARN_STRICT_PROTOTYPES = YES;
				CLANG_WARN_SUSPICIOUS_MOVE = YES;
				CLANG_WARN_UNGUARDED_AVAILABILITY = YES_AGGRESSIVE;
				CLANG_WARN_UNREACHABLE_CODE = YES;
				CLANG_WARN__DUPLICATE_METHOD_MATCH = YES;
				COPY_PHASE_STRIP = NO;
				DEBUG_INFORMATION_FORMAT = "dwarf-with-dsym";
				ENABLE_NS_ASSERTIONS = NO;
				ENABLE_STRICT_OBJC_MSGSEND = YES;
				ENABLE_USER_SCRIPT_SANDBOXING = YES;
				GCC_C_LANGUAGE_STANDARD = gnu17;
				GCC_NO_COMMON_BLOCKS = YES;
				GCC_WARN_64_TO_32_BIT_CONVERSION = YES;
				GCC_WARN_ABOUT_RETURN_TYPE = YES_ERROR;
				GCC_WARN_UNDECLARED_SELECTOR = YES;
				GCC_WARN_UNINITIALIZED_AUTOS = YES_AGGRESSIVE;
				GCC_WARN_UNUSED_FUNCTION = YES;
				GCC_WARN_UNUSED_VARIABLE = YES;
				IPHONEOS_DEPLOYMENT_TARGET = 18.0;
				LOCALIZATION_PREFERS_STRING_CATALOGS = YES;
				MTL_ENABLE_DEBUG_INFO = NO;
				MTL_FAST_MATH = YES;
				SDKROOT = iphoneos;
				SWIFT_COMPILATION_MODE = wholemodule;
				VALIDATE_PRODUCT = YES;
			};
			name = Release;
		};
		5F0D99242F1E769F00F98A7D /* Debug */ = {
			isa = XCBuildConfiguration;
			buildSettings = {
				ASSETCATALOG_COMPILER_APPICON_NAME = AppIcon;
				ASSETCATALOG_COMPILER_GLOBAL_ACCENT_COLOR_NAME = AccentColor;
				CODE_SIGN_STYLE = Automatic;
				CURRENT_PROJECT_VERSION = 1;
				DEVELOPMENT_TEAM = QMW569W7GL;
				ENABLE_PREVIEWS = YES;
				GENERATE_INFOPLIST_FILE = NO;
				INFOPLIST_FILE = Info.plist;
				LD_RUNPATH_SEARCH_PATHS = (
					"$(inherited)",
					"@executable_path/Frameworks",
				);
				MARKETING_VERSION = 1.0;
				PRODUCT_BUNDLE_IDENTIFIER = "com.geoc.Buzzy-Bees";
				PRODUCT_NAME = "$(TARGET_NAME)";
				STRING_CATALOG_GENERATE_SYMBOLS = YES;
				SWIFT_APPROACHABLE_CONCURRENCY = YES;
				SWIFT_DEFAULT_ACTOR_ISOLATION = MainActor;
				SWIFT_EMIT_LOC_STRINGS = YES;
				SWIFT_UPCOMING_FEATURE_MEMBER_IMPORT_VISIBILITY = YES;
				SWIFT_VERSION = 5.0;
				TARGETED_DEVICE_FAMILY = "1,2";
			};
			name = Debug;
		};
		5F0D99252F1E769F00F98A7D /* Release */ = {
			isa = XCBuildConfiguration;
			buildSettings = {
				ASSETCATALOG_COMPILER_APPICON_NAME = AppIcon;
				ASSETCATALOG_COMPILER_GLOBAL_ACCENT_COLOR_NAME = AccentColor;
				CODE_SIGN_STYLE = Automatic;
				CURRENT_PROJECT_VERSION = 1;
				DEVELOPMENT_TEAM = QMW569W7GL;
				ENABLE_PREVIEWS = YES;
				GENERATE_INFOPLIST_FILE = NO;
				INFOPLIST_FILE = Info.plist;
				LD_RUNPATH_SEARCH_PATHS = (
					"$(inherited)",
					"@executable_path/Frameworks",
				);
				MARKETING_VERSION = 1.0;
				PRODUCT_BUNDLE_IDENTIFIER = "com.geoc.Buzzy-Bees";
				PRODUCT_NAME = "$(TARGET_NAME)";
				STRING_CATALOG_GENERATE_SYMBOLS = YES;
				SWIFT_APPROACHABLE_CONCURRENCY = YES;
				SWIFT_DEFAULT_ACTOR_ISOLATION = MainActor;
				SWIFT_EMIT_LOC_STRINGS = YES;
				SWIFT_UPCOMING_FEATURE_MEMBER_IMPORT_VISIBILITY = YES;
				SWIFT_VERSION = 5.0;
				TARGETED_DEVICE_FAMILY = "1,2";
			};
			name = Release;
		};
/* End XCBuildConfiguration section */

/* Begin XCConfigurationList section */
		5F0D99132F1E769D00F98A7D /* Build configuration list for PBXProject "Buzzy-Bees" */ = {
			isa = XCConfigurationList;
			buildConfigurations = (
				5F0D99212F1E769F00F98A7D /* Debug */,
				5F0D99222F1E769F00F98A7D /* Release */,
			);
			defaultConfigurationIsVisible = 0;
			defaultConfigurationName = Release;
		};
		5F0D99232F1E769F00F98A7D /* Build configuration list for PBXNativeTarget "Buzzy-Bees" */ = {
			isa = XCConfigurationList;
			buildConfigurations = (
				5F0D99242F1E769F00F98A7D /* Debug */,
				5F0D99252F1E769F00F98A7D /* Release */,
			);
			defaultConfigurationIsVisible = 0;
			defaultConfigurationName = Release;
		};
/* End XCConfigurationList section */
	};
	rootObject = 5F0D99102F1E769D00F98A7D /* Project object */;
}
